<?xml version="1.0" encoding="utf-8"?>
<Project ToolsVersion="4.0" xmlns="http://schemas.microsoft.com/developer/msbuild/2003">
  <ItemGroup>
    <Filter Include="Source Files">
      <UniqueIdentifier>{4FC737F1-C7A5-4376-A066-2A32D752A2FF}</UniqueIdentifier>
      <Extensions>cpp;c;cc;cxx;def;odl;idl;hpj;bat;asm;asmx</Extensions>
    </Filter>
    <Filter Include="Header Files">
      <UniqueIdentifier>{93995380-89BD-4b04-88EB-625FBE52EBFB}</UniqueIdentifier>
      <Extensions>h;hh;hpp;hxx;hm;inl;inc;ipp;xsd</Extensions>
    </Filter>
    <Filter Include="Resource Files">
      <UniqueIdentifier>{67DA6AB6-F800-4c08-8B7A-83BB121AAD01}</UniqueIdentifier>
      <Extensions>rc;ico;cur;bmp;dlg;rc2;rct;bin;rgs;gif;jpg;jpeg;jpe;resx;tiff;tif;png;wav;mfcribbon-ms</Extensions>
    </Filter>
    <Filter Include="Source Files\Detour">
      <UniqueIdentifier>{64bff843-724f-4384-a2ae-1412cf84d5c0}</UniqueIdentifier>
    </Filter>
    <Filter Include="Source Files\DetourTileCache">
      <UniqueIdentifier>{2a4f8be3-46f0-47e8-a3bf-deefcfbe39e8}</UniqueIdentifier>
    </Filter>
    <Filter Include="Source Files\Recast">
      <UniqueIdentifier>{b33efa01-f6c2-4750-b0a2-958939721124}</UniqueIdentifier>
    </Filter>
    <Filter Include="Source Files\ObstaclesTools">
      <UniqueIdentifier>{ccf8af21-0631-4c13-98ea-14de3f1bd254}</UniqueIdentifier>
    </Filter>
  </ItemGroup>
  <ItemGroup>
    <ClInclude Include="Detour\DetourAlloc.h">
      <Filter>Source Files\Detour</Filter>
    </ClInclude>
    <ClInclude Include="Detour\DetourAssert.h">
      <Filter>Source Files\Detour</Filter>
    </ClInclude>
    <ClInclude Include="Detour\DetourCommon.h">
      <Filter>Source Files\Detour</Filter>
    </ClInclude>
    <ClInclude Include="Detour\DetourNavMesh.h">
      <Filter>Source Files\Detour</Filter>
    </ClInclude>
    <ClInclude Include="Detour\DetourNavMeshBuilder.h">
      <Filter>Source Files\Detour</Filter>
    </ClInclude>
    <ClInclude Include="Detour\DetourNavMeshQuery.h">
      <Filter>Source Files\Detour</Filter>
    </ClInclude>
    <ClInclude Include="Detour\DetourNode.h">
      <Filter>Source Files\Detour</Filter>
    </ClInclude>
    <ClInclude Include="Detour\DetourStatus.h">
      <Filter>Source Files\Detour</Filter>
    </ClInclude>
    <ClInclude Include="UE4RecastHelper.h">
      <Filter>Source Files</Filter>
    </ClInclude>
    <ClInclude Include="DetourTileCache\DetourTileCache.h">
      <Filter>Source Files\DetourTileCache</Filter>
    </ClInclude>
    <ClInclude Include="DetourTileCache\DetourTileCacheBuilder.h">
      <Filter>Source Files\DetourTileCache</Filter>
    </ClInclude>
    <ClInclude Include="Recast\Recast.h">
      <Filter>Source Files\Recast</Filter>
    </ClInclude>
    <ClInclude Include="Recast\RecastAlloc.h">
      <Filter>Source Files\Recast</Filter>
    </ClInclude>
    <ClInclude Include="Recast\RecastAssert.h">
      <Filter>Source Files\Recast</Filter>
    </ClInclude>
    <ClInclude Include="BuildObstacles.hpp">
      <Filter>Source Files\ObstaclesTools</Filter>
    </ClInclude>
    <ClInclude Include="ObstaclesTools\MeshLoaderObj.h">
      <Filter>Source Files\ObstaclesTools</Filter>
    </ClInclude>
  </ItemGroup>
  <ItemGroup>
    <ClCompile Include="ue4-detour.cpp">
      <Filter>Source Files</Filter>
    </ClCompile>
    <ClCompile Include="Detour\DetourAlloc.cpp">
      <Filter>Source Files\Detour</Filter>
    </ClCompile>
    <ClCompile Include="Detour\DetourCommon.cpp">
      <Filter>Source Files\Detour</Filter>
    </ClCompile>
    <ClCompile Include="Detour\DetourNavMesh.cpp">
      <Filter>Source Files\Detour</Filter>
    </ClCompile>
    <ClCompile Include="Detour\DetourNavMeshBuilder.cpp">
      <Filter>Source Files\Detour</Filter>
    </ClCompile>
    <ClCompile Include="Detour\DetourNavMeshQuery.cpp">
      <Filter>Source Files\Detour</Filter>
    </ClCompile>
    <ClCompile Include="Detour\DetourNode.cpp">
      <Filter>Source Files\Detour</Filter>
    </ClCompile>
    <ClCompile Include="UE4RecastHelper.cpp">
      <Filter>Source Files</Filter>
    </ClCompile>
    <ClCompile Include="DetourTileCache\DetourTileCache.cpp">
      <Filter>Source Files\DetourTileCache</Filter>
    </ClCompile>
    <ClCompile Include="DetourTileCache\DetourTileCacheBuilder.cpp">
      <Filter>Source Files\DetourTileCache</Filter>
    </ClCompile>
    <ClCompile Include="DetourTileCache\DetourTileCacheDetail.cpp">
      <Filter>Source Files\DetourTileCache</Filter>
    </ClCompile>
    <ClCompile Include="DetourTileCache\DetourTileCacheRegion.cpp">
      <Filter>Source Files\DetourTileCache</Filter>
    </ClCompile>
    <ClCompile Include="Recast\Recast.cpp">
      <Filter>Source Files\Recast</Filter>
    </ClCompile>
    <ClCompile Include="Recast\RecastAlloc.cpp">
      <Filter>Source Files\Recast</Filter>
    </ClCompile>
    <ClCompile Include="Recast\RecastArea.cpp">
      <Filter>Source Files\Recast</Filter>
    </ClCompile>
    <ClCompile Include="Recast\RecastContour.cpp">
      <Filter>Source Files\Recast</Filter>
    </ClCompile>
    <ClCompile Include="Recast\RecastFilter.cpp">
      <Filter>Source Files\Recast</Filter>
    </ClCompile>
    <ClCompile Include="Recast\RecastLayers.cpp">
      <Filter>Source Files\Recast</Filter>
    </ClCompile>
    <ClCompile Include="Recast\RecastMesh.cpp">
      <Filter>Source Files\Recast</Filter>
    </ClCompile>
    <ClCompile Include="Recast\RecastMeshDetail.cpp">
      <Filter>Source Files\Recast</Filter>
    </ClCompile>
    <ClCompile Include="Recast\RecastRasterization.cpp">
      <Filter>Source Files\Recast</Filter>
    </ClCompile>
    <ClCompile Include="Recast\RecastRegion.cpp">
      <Filter>Source Files\Recast</Filter>
    </ClCompile>
    <ClCompile Include="ObstaclesTools\MeshLoaderObj.cpp">
      <Filter>Source Files\ObstaclesTools</Filter>
    </ClCompile>
  </ItemGroup>
</Project>